
Microsoft Visual Studio Solution File, Format Version 12.00
# Visual Studio Version 17
VisualStudioVersion = 17.7.34003.232
MinimumVisualStudioVersion = 10.0.40219.1
Project("{FAE04EC0-301F-11D3-BF4B-00C04F79EFBC}") = "SampleApp", "SampleApp.csproj", "{61BC8216-72F7-4F59-B1C7-0555DFBD3C87}"
EndProject
Global
	GlobalSection(SolutionConfigurationPlatforms) = preSolution
		Debug|Any CPU = Debug|Any CPU
		Release|Any CPU = Release|Any CPU
	EndGlobalSection
	GlobalSection(ProjectConfigurationPlatforms) = postSolution
		{61BC8216-72F7-4F59-B1C7-0555DFBD3C87}.Debug|Any CPU.ActiveCfg = Debug|Any CPU
		{61BC8216-72F7-4F59-B1C7-0555DFBD3C87}.Debug|Any CPU.Build.0 = Debug|Any CPU
		{61BC8216-72F7-4F59-B1C7-0555DFBD3C87}.Release|Any CPU.ActiveCfg = Release|Any CPU
		{61BC8216-72F7-4F59-B1C7-0555DFBD3C87}.Release|Any CPU.Build.0 = Release|Any CPU
	EndGlobalSection
	GlobalSection(SolutionProperties) = preSolution
		HideSolutionNode = FALSE
	EndGlobalSection
	GlobalSection(ExtensibilityGlobals) = postSolution
		SolutionGuid = {13EDA357-0348-4239-84E8-EDF99C79AA07}
	EndGlobalSection
EndGlobal
